# THIS IS AN AUTOGENERATED FILE. DO NOT EDIT THIS FILE DIRECTLY.
# yarn lockfile v1


"@types/prop-types@*":
  version "15.7.1"
  resolved "https://registry.yarnpkg.com/@types/prop-types/-/prop-types-15.7.1.tgz#f1a11e7babb0c3cad68100be381d1e064c68f1f6"
  integrity sha512-CFzn9idOEpHrgdw8JsoTkaDDyRWk1jrzIV8djzcgpq0y9tG4B4lFT+Nxh52DVpDXV+n4+NPNv7M1Dj5uMp6XFg==

"@types/react-native@^0.44.4":
  version "0.44.19"
  resolved "https://registry.yarnpkg.com/@types/react-native/-/react-native-0.44.19.tgz#e89317e953cfa6594f9c250b74248aa494ccc12f"
  integrity sha512-qWDLCXame6s2szhJIS1fp6mGHK1j1woyOjo4qXxPFiewpa87CapTo7QdNfU4zQaNj+ErWY03yIffo/k/eK6Tmg==
  dependencies:
    "@types/react" "*"

"@types/react@*":
  version "16.8.17"
  resolved "https://registry.yarnpkg.com/@types/react/-/react-16.8.17.tgz#f287b76a5badb93bc9aa3f54521a3eb53d6c2374"
  integrity sha512-pln3mgc6VfkNg92WXODul/ONo140huK9OMsx62GlBlZ2lvjNK86PQJhYMPLO1i66aF5O9OPyZefogvNltBIszA==
  dependencies:
    "@types/prop-types" "*"
    csstype "^2.2.0"

"@types/react@^15.0.25":
  version "15.6.24"
  resolved "https://registry.yarnpkg.com/@types/react/-/react-15.6.24.tgz#d1b68113a46bb3491ea44b6fb4c1b5ad57727bf2"
  integrity sha512-IIRqrwuaJWBp2DsxBvwcYWE7jedTflpAlZKIpWuzFD2eXsCLScWSJbdiMJ1TRaWPyfjn7/QQ4zCtjbdkMa1Lmw==

color-alpha@^1.0.2:
  version "1.0.3"
  resolved "https://registry.yarnpkg.com/color-alpha/-/color-alpha-1.0.3.tgz#318e33edb215bd695d51cae4922640a44107e959"
  integrity sha512-ap5UCPpnpsSQu09ccl/5cNQDJlSFvkuXHMBY1+1vu6iKj6H9zw7Sz852snsETFsrYlPUnvTByCFAnYVynKJb9A==
  dependencies:
    color-parse "^1.2.0"

color-name@^1.0.0:
  version "1.1.4"
  resolved "https://registry.yarnpkg.com/color-name/-/color-name-1.1.4.tgz#c2a09a87acbde69543de6f63fa3995c826c536a2"
  integrity sha512-dOy+3AuW3a2wNbZHIuMZpTcgjGuLU/uBL/ubcZF9OXbDo8ff4O8yVp5Bf0efS8uEoYo5q4Fx7dY9OgQGXgAsQA==

color-parse@^1.2.0:
  version "1.3.7"
  resolved "https://registry.yarnpkg.com/color-parse/-/color-parse-1.3.7.tgz#34ac4fb0782b992d3614417b60896c4884771b26"
  integrity sha512-8G6rPfyTZhWYKU7D2hwywTjA4YlqX/Z7ClqTEzh5ENc5QkLOff0u8EuyNZR6xScEBhWpAyiDrrVGNUE/Btg2LA==
  dependencies:
    color-name "^1.0.0"
    defined "^1.0.0"
    is-plain-obj "^1.1.0"

csstype@^2.2.0:
  version "2.6.4"
  resolved "https://registry.yarnpkg.com/csstype/-/csstype-2.6.4.tgz#d585a6062096e324e7187f80e04f92bd0f00e37f"
  integrity sha512-lAJUJP3M6HxFXbqtGRc0iZrdyeN+WzOWeY0q/VnFzI+kqVrYIzC7bWlKqCW7oCIdzoPkvfp82EVvrTlQ8zsWQg==

defined@^1.0.0:
  version "1.0.0"
  resolved "https://registry.yarnpkg.com/defined/-/defined-1.0.0.tgz#c98d9bcef75674188e110969151199e39b1fa693"
  integrity sha1-yY2bzvdWdBiOEQlpFRGZ45sfppM=

is-plain-obj@^1.1.0:
  version "1.1.0"
  resolved "https://registry.yarnpkg.com/is-plain-obj/-/is-plain-obj-1.1.0.tgz#71a50c8429dfca773c92a390a4a03b39fcd51d3e"
  integrity sha1-caUMhCnfync8kqOQpKA7OfzVHT4=

typescript@^2.3.3:
  version "2.9.2"
  resolved "https://registry.yarnpkg.com/typescript/-/typescript-2.9.2.tgz#1cbf61d05d6b96269244eb6a3bce4bd914e0f00c"
  integrity sha512-Gr4p6nFNaoufRIY4NMdpQRNmgxVIGMs4Fcu/ujdYk3nAZqk7supzBE9idmvfZIlH/Cuj//dvi+019qEue9lV0w==
